
Microsoft Visual Studio Solution File, Format Version 12.00
Project("{FAE04EC0-301F-11D3-BF4B-00C04F79EFBC}") = "ApiProject.WebApi", "ApiProject.WebApi\ApiProject.WebApi.csproj", "{2FDBC212-EFB6-4074-96D1-1D23783CEBA6}"
EndProject
Global
	GlobalSection(SolutionConfigurationPlatforms) = preSolution
		Debug|Any CPU = Debug|Any CPU
		Release|Any CPU = Release|Any CPU
	EndGlobalSection
	GlobalSection(ProjectConfigurationPlatforms) = postSolution
		{2FDBC212-EFB6-4074-96D1-1D23783CEBA6}.Debug|Any CPU.ActiveCfg = Debug|Any CPU
		{2FDBC212-EFB6-4074-96D1-1D23783CEBA6}.Debug|Any CPU.Build.0 = Debug|Any CPU
		{2FDBC212-EFB6-4074-96D1-1D23783CEBA6}.Release|Any CPU.ActiveCfg = Release|Any CPU
		{2FDBC212-EFB6-4074-96D1-1D23783CEBA6}.Release|Any CPU.Build.0 = Release|Any CPU
	EndGlobalSection
EndGlobal
